
Microsoft Visual Studio Solution File, Format Version 12.00
# Visual Studio Version 17
VisualStudioVersion = 17.1.32319.34
MinimumVisualStudioVersion = 10.0.40219.1
Project("{FAE04EC0-301F-11D3-BF4B-00C04F79EFBC}") = "ConsoleApp1", "ConsoleApp1\ConsoleApp1.csproj", "{01642413-98D8-4104-A007-AB6C23909EA3}"
EndProject
Project("{FAE04EC0-301F-11D3-BF4B-00C04F79EFBC}") = "ConsoleApp1Tests", "ConsoleApp1Tests\ConsoleApp1Tests.csproj", "{2A7C61E1-AA78-4D81-9DC1-2B8B3B67902E}"
EndProject
Global
	GlobalSection(SolutionConfigurationPlatforms) = preSolution
		Debug|Any CPU = Debug|Any CPU
		Release|Any CPU = Release|Any CPU
	EndGlobalSection
	GlobalSection(ProjectConfigurationPlatforms) = postSolution
		{01642413-98D8-4104-A007-AB6C23909EA3}.Debug|Any CPU.ActiveCfg = Debug|Any CPU
		{01642413-98D8-4104-A007-AB6C23909EA3}.Debug|Any CPU.Build.0 = Debug|Any CPU
		{01642413-98D8-4104-A007-AB6C23909EA3}.Release|Any CPU.ActiveCfg = Release|Any CPU
		{01642413-98D8-4104-A007-AB6C23909EA3}.Release|Any CPU.Build.0 = Release|Any CPU
		{2A7C61E1-AA78-4D81-9DC1-2B8B3B67902E}.Debug|Any CPU.ActiveCfg = Debug|Any CPU
		{2A7C61E1-AA78-4D81-9DC1-2B8B3B67902E}.Debug|Any CPU.Build.0 = Debug|Any CPU
		{2A7C61E1-AA78-4D81-9DC1-2B8B3B67902E}.Release|Any CPU.ActiveCfg = Release|Any CPU
		{2A7C61E1-AA78-4D81-9DC1-2B8B3B67902E}.Release|Any CPU.Build.0 = Release|Any CPU
	EndGlobalSection
	GlobalSection(SolutionProperties) = preSolution
		HideSolutionNode = FALSE
	EndGlobalSection
	GlobalSection(ExtensibilityGlobals) = postSolution
		SolutionGuid = {7B4EB1F9-88AA-4284-81F1-1EDD12758B02}
	EndGlobalSection
EndGlobal
